github.com/benpate/convert v0.13.5 h1:EydjNY29ZBIjC7m6KQW9jwkPy459Kh1RtlswgsYFAUU=
github.com/benpate/convert v0.13.5/go.mod h1:jWd8HmBIjksct5lu9gxIk1szas2uDu4VabXOsI9kCqU=
github.com/benpate/derp v0.22.2 h1:qPcnT32VG8gqhDR4y+dhK2n/0TMvZ3RUP+HbENNogAc=
github.com/benpate/derp v0.22.2/go.mod h1:ENjMpkMmxn9gAulMAggElVcD2kNrsbjFhoZK8fUlCxY=
github.com/benpate/null v0.6.4 h1:G3Yix3s9AmSY9wg9G2GB1gOyJL3ot96gqf/thTlv+gE=
github.com/benpate/null v0.6.4/go.mod h1:g6PrO1oxV8OPGQqkuwGGto3aK/uQ7HWn4uM04rbgPkg=
github.com/davecgh/go-spew v1.1.0/go.mod h1:J7Y8YcW2NihsgmVo/mv3lAwl/skON4iLHjSsI+c5H38=
github.com/davecgh/go-spew v1.1.1/go.mod h1:J7Y8YcW2NihsgmVo/mv3lAwl/skON4iLHjSsI+c5H38=
github.com/gammazero/deque v0.2.1 h1:qSdsbG6pgp6nL7A0+K/B7s12mcCY/5l5SIUpMOl+dC0=
github.com/gammazero/deque v0.2.1/go.mod h1:LFroj8x4cMYCukHJDbxFCkT+r9AndaJnFMuZDV34tuU=
github.com/pmezard/go-difflib v1.0.0/go.mod h1:iKH77koFhYxTK1pcRnkKkqfTogsbg7gZNVY4sRDYZ/4=
github.com/stretchr/objx v0.1.0/go.mod h1:HFkY916IF+rwdDfMAkV7OtwuqBVzrE8GR6GFx+wExME=
github.com/stretchr/testify v1.6.1/go.mod h1:6Fq8oRcR53rry900zMqJjRRixrwX3KX962/h/Wwjteg=
gopkg.in/check.v1 v0.0.0-20161208181325-20d25e280405/go.mod h1:Co6ibVJAznAaIkqp8huTwlJQCZ016jof/cbN4VW5Yz0=
gopkg.in/yaml.v3 v3.0.0-20200313102051-9f266ea9e77c/go.mod h1:K4uyk7z7BCEPqu6E+C64Yfv1cQ7kz7rIZviUmN+EgEM=
